# @generated by Move, please check-in and do not edit manually.

[move]
version = 3
manifest_digest = "9B0E01330A09BE235B69522DA47E880B18C35E9C462617D0448DE013D96FA917"
deps_digest = "F8BBB0CCB2491CA29A3DF03D6F92277A4F3574266507ACD77214D37ECA3F3082"
dependencies = [
  { id = "Iota", name = "Iota" },
]

[[move.package]]
id = "Iota"
source = { git = "https://github.com/iotaledger/iota.git", rev = "framework/testnet", subdir = "crates/iota-framework/packages/iota-framework" }

dependencies = [
  { id = "MoveStdlib", name = "MoveStdlib" },
]

[[move.package]]
id = "MoveStdlib"
source = { git = "https://github.com/iotaledger/iota.git", rev = "framework/testnet", subdir = "crates\\iota-framework\\packages\\move-stdlib" }

[move.toolchain-version]
compiler-version = "1.19.0-alpha"
edition = "2024.beta"
flavor = "iota"

[env]

[env.testnet]
chain-id = "2304aa97"
original-published-id = "0x831cf24d48b4a426ee416581a6094f656a4348283db67b8ab5e589fce2b5dca4"
latest-published-id = "0x831cf24d48b4a426ee416581a6094f656a4348283db67b8ab5e589fce2b5dca4"
published-version = "1"
